
Microsoft Visual Studio Solution File, Format Version 12.00
# Visual Studio Version 17
VisualStudioVersion = 17.7.34031.279
MinimumVisualStudioVersion = 10.0.40219.1
Project("{FAE04EC0-301F-11D3-BF4B-00C04F79EFBC}") = "CSharpConwayKata", "CSharpConwayKata\CSharpConwayKata.csproj", "{47DCA9F8-D2D1-49AB-ADA0-15FFF794E438}"
EndProject
Project("{FAE04EC0-301F-11D3-BF4B-00C04F79EFBC}") = "CSharpConwayKata.UnitTests", "CSharpConwayKata.UnitTests\CSharpConwayKata.UnitTests.csproj", "{B1832C42-0413-4177-9764-86376AE8F632}"
EndProject
Global
	GlobalSection(SolutionConfigurationPlatforms) = preSolution
		Debug|Any CPU = Debug|Any CPU
		Release|Any CPU = Release|Any CPU
	EndGlobalSection
	GlobalSection(ProjectConfigurationPlatforms) = postSolution
		{47DCA9F8-D2D1-49AB-ADA0-15FFF794E438}.Debug|Any CPU.ActiveCfg = Debug|Any CPU
		{47DCA9F8-D2D1-49AB-ADA0-15FFF794E438}.Debug|Any CPU.Build.0 = Debug|Any CPU
		{47DCA9F8-D2D1-49AB-ADA0-15FFF794E438}.Release|Any CPU.ActiveCfg = Release|Any CPU
		{47DCA9F8-D2D1-49AB-ADA0-15FFF794E438}.Release|Any CPU.Build.0 = Release|Any CPU
		{B1832C42-0413-4177-9764-86376AE8F632}.Debug|Any CPU.ActiveCfg = Debug|Any CPU
		{B1832C42-0413-4177-9764-86376AE8F632}.Debug|Any CPU.Build.0 = Debug|Any CPU
		{B1832C42-0413-4177-9764-86376AE8F632}.Release|Any CPU.ActiveCfg = Release|Any CPU
		{B1832C42-0413-4177-9764-86376AE8F632}.Release|Any CPU.Build.0 = Release|Any CPU
	EndGlobalSection
	GlobalSection(SolutionProperties) = preSolution
		HideSolutionNode = FALSE
	EndGlobalSection
	GlobalSection(ExtensibilityGlobals) = postSolution
		SolutionGuid = {83505184-39F8-43FC-A92E-A27590069E5B}
	EndGlobalSection
EndGlobal
